
Microsoft Visual Studio Solution File, Format Version 12.00
# Visual Studio 14
VisualStudioVersion = 14.0.25420.1
MinimumVisualStudioVersion = 10.0.40219.1
Project("{FAE04EC0-301F-11D3-BF4B-00C04F79EFBC}") = "BottomNavigationBarXF.Android", "BottomNavigationBarXF\BottomNavigationBarXF.Android\BottomNavigationBarXF.Android.csproj", "{68A796B8-B3EB-49DC-8356-F5CA4060E145}"
EndProject
Project("{FAE04EC0-301F-11D3-BF4B-00C04F79EFBC}") = "BottomNavigationBarXF", "BottomNavigationBarXF\BottomNavigationBarXF\BottomNavigationBarXF.csproj", "{285E73CC-9C59-4513-ABED-C946DAB9988C}"
EndProject
Project("{FAE04EC0-301F-11D3-BF4B-00C04F79EFBC}") = "BottomNavigationBarXF.iOS", "BottomNavigationBarXF\BottomNavigationBarXF.iOS\BottomNavigationBarXF.iOS.csproj", "{5810C794-2BBF-4D8C-9A14-55B39257610A}"
EndProject
Global
	GlobalSection(SolutionConfigurationPlatforms) = preSolution
		Ad-Hoc|Any CPU = Ad-Hoc|Any CPU
		Ad-Hoc|iPhone = Ad-Hoc|iPhone
		Ad-Hoc|iPhoneSimulator = Ad-Hoc|iPhoneSimulator
		AppStore|Any CPU = AppStore|Any CPU
		AppStore|iPhone = AppStore|iPhone
		AppStore|iPhoneSimulator = AppStore|iPhoneSimulator
		Debug|Any CPU = Debug|Any CPU
		Debug|iPhone = Debug|iPhone
		Debug|iPhoneSimulator = Debug|iPhoneSimulator
		Release|Any CPU = Release|Any CPU
		Release|iPhone = Release|iPhone
		Release|iPhoneSimulator = Release|iPhoneSimulator
	EndGlobalSection
	GlobalSection(ProjectConfigurationPlatforms) = postSolution
		{68A796B8-B3EB-49DC-8356-F5CA4060E145}.Ad-Hoc|Any CPU.ActiveCfg = Release|Any CPU
		{68A796B8-B3EB-49DC-8356-F5CA4060E145}.Ad-Hoc|Any CPU.Build.0 = Release|Any CPU
		{68A796B8-B3EB-49DC-8356-F5CA4060E145}.Ad-Hoc|Any CPU.Deploy.0 = Release|Any CPU
		{68A796B8-B3EB-49DC-8356-F5CA4060E145}.Ad-Hoc|iPhone.ActiveCfg = Release|Any CPU
		{68A796B8-B3EB-49DC-8356-F5CA4060E145}.Ad-Hoc|iPhone.Build.0 = Release|Any CPU
		{68A796B8-B3EB-49DC-8356-F5CA4060E145}.Ad-Hoc|iPhone.Deploy.0 = Release|Any CPU
		{68A796B8-B3EB-49DC-8356-F5CA4060E145}.Ad-Hoc|iPhoneSimulator.ActiveCfg = Release|Any CPU
		{68A796B8-B3EB-49DC-8356-F5CA4060E145}.Ad-Hoc|iPhoneSimulator.Build.0 = Release|Any CPU
		{68A796B8-B3EB-49DC-8356-F5CA4060E145}.Ad-Hoc|iPhoneSimulator.Deploy.0 = Release|Any CPU
		{68A796B8-B3EB-49DC-8356-F5CA4060E145}.AppStore|Any CPU.ActiveCfg = Release|Any CPU
		{68A796B8-B3EB-49DC-8356-F5CA4060E145}.AppStore|Any CPU.Build.0 = Release|Any CPU
		{68A796B8-B3EB-49DC-8356-F5CA4060E145}.AppStore|Any CPU.Deploy.0 = Release|Any CPU
		{68A796B8-B3EB-49DC-8356-F5CA4060E145}.AppStore|iPhone.ActiveCfg = Release|Any CPU
		{68A796B8-B3EB-49DC-8356-F5CA4060E145}.AppStore|iPhone.Build.0 = Release|Any CPU
		{68A796B8-B3EB-49DC-8356-F5CA4060E145}.AppStore|iPhone.Deploy.0 = Release|Any CPU
		{68A796B8-B3EB-49DC-8356-F5CA4060E145}.AppStore|iPhoneSimulator.ActiveCfg = Release|Any CPU
		{68A796B8-B3EB-49DC-8356-F5CA4060E145}.AppStore|iPhoneSimulator.Build.0 = Release|Any CPU
		{68A796B8-B3EB-49DC-8356-F5CA4060E145}.AppStore|iPhoneSimulator.Deploy.0 = Release|Any CPU
		{68A796B8-B3EB-49DC-8356-F5CA4060E145}.Debug|Any CPU.ActiveCfg = Debug|Any CPU
		{68A796B8-B3EB-49DC-8356-F5CA4060E145}.Debug|Any CPU.Build.0 = Debug|Any CPU
		{68A796B8-B3EB-49DC-8356-F5CA4060E145}.Debug|Any CPU.Deploy.0 = Debug|Any CPU
		{68A796B8-B3EB-49DC-8356-F5CA4060E145}.Debug|iPhone.ActiveCfg = Debug|Any CPU
		{68A796B8-B3EB-49DC-8356-F5CA4060E145}.Debug|iPhone.Build.0 = Debug|Any CPU
		{68A796B8-B3EB-49DC-8356-F5CA4060E145}.Debug|iPhone.Deploy.0 = Debug|Any CPU
		{68A796B8-B3EB-49DC-8356-F5CA4060E145}.Debug|iPhoneSimulator.ActiveCfg = Debug|Any CPU
		{68A796B8-B3EB-49DC-8356-F5CA4060E145}.Debug|iPhoneSimulator.Build.0 = Debug|Any CPU
		{68A796B8-B3EB-49DC-8356-F5CA4060E145}.Debug|iPhoneSimulator.Deploy.0 = Debug|Any CPU
		{68A796B8-B3EB-49DC-8356-F5CA4060E145}.Release|Any CPU.ActiveCfg = Release|Any CPU
		{68A796B8-B3EB-49DC-8356-F5CA4060E145}.Release|Any CPU.Build.0 = Release|Any CPU
		{68A796B8-B3EB-49DC-8356-F5CA4060E145}.Release|Any CPU.Deploy.0 = Release|Any CPU
		{68A796B8-B3EB-49DC-8356-F5CA4060E145}.Release|iPhone.ActiveCfg = Release|Any CPU
		{68A796B8-B3EB-49DC-8356-F5CA4060E145}.Release|iPhone.Build.0 = Release|Any CPU
		{68A796B8-B3EB-49DC-8356-F5CA4060E145}.Release|iPhone.Deploy.0 = Release|Any CPU
		{68A796B8-B3EB-49DC-8356-F5CA4060E145}.Release|iPhoneSimulator.ActiveCfg = Release|Any CPU
		{68A796B8-B3EB-49DC-8356-F5CA4060E145}.Release|iPhoneSimulator.Build.0 = Release|Any CPU
		{68A796B8-B3EB-49DC-8356-F5CA4060E145}.Release|iPhoneSimulator.Deploy.0 = Release|Any CPU
		{285E73CC-9C59-4513-ABED-C946DAB9988C}.Ad-Hoc|Any CPU.ActiveCfg = Release|Any CPU
		{285E73CC-9C59-4513-ABED-C946DAB9988C}.Ad-Hoc|Any CPU.Build.0 = Release|Any CPU
		{285E73CC-9C59-4513-ABED-C946DAB9988C}.Ad-Hoc|Any CPU.Deploy.0 = Release|Any CPU
		{285E73CC-9C59-4513-ABED-C946DAB9988C}.Ad-Hoc|iPhone.ActiveCfg = Release|Any CPU
		{285E73CC-9C59-4513-ABED-C946DAB9988C}.Ad-Hoc|iPhone.Build.0 = Release|Any CPU
		{285E73CC-9C59-4513-ABED-C946DAB9988C}.Ad-Hoc|iPhone.Deploy.0 = Release|Any CPU
		{285E73CC-9C59-4513-ABED-C946DAB9988C}.Ad-Hoc|iPhoneSimulator.ActiveCfg = Release|Any CPU
		{285E73CC-9C59-4513-ABED-C946DAB9988C}.Ad-Hoc|iPhoneSimulator.Build.0 = Release|Any CPU
		{285E73CC-9C59-4513-ABED-C946DAB9988C}.Ad-Hoc|iPhoneSimulator.Deploy.0 = Release|Any CPU
		{285E73CC-9C59-4513-ABED-C946DAB9988C}.AppStore|Any CPU.ActiveCfg = Release|Any CPU
		{285E73CC-9C59-4513-ABED-C946DAB9988C}.AppStore|Any CPU.Build.0 = Release|Any CPU
		{285E73CC-9C59-4513-ABED-C946DAB9988C}.AppStore|Any CPU.Deploy.0 = Release|Any CPU
		{285E73CC-9C59-4513-ABED-C946DAB9988C}.AppStore|iPhone.ActiveCfg = Release|Any CPU
		{285E73CC-9C59-4513-ABED-C946DAB9988C}.AppStore|iPhone.Build.0 = Release|Any CPU
		{285E73CC-9C59-4513-ABED-C946DAB9988C}.AppStore|iPhone.Deploy.0 = Release|Any CPU
		{285E73CC-9C59-4513-ABED-C946DAB9988C}.AppStore|iPhoneSimulator.ActiveCfg = Release|Any CPU
		{285E73CC-9C59-4513-ABED-C946DAB9988C}.AppStore|iPhoneSimulator.Build.0 = Release|Any CPU
		{285E73CC-9C59-4513-ABED-C946DAB9988C}.AppStore|iPhoneSimulator.Deploy.0 = Release|Any CPU
		{285E73CC-9C59-4513-ABED-C946DAB9988C}.Debug|Any CPU.ActiveCfg = Debug|Any CPU
		{285E73CC-9C59-4513-ABED-C946DAB9988C}.Debug|Any CPU.Build.0 = Debug|Any CPU
		{285E73CC-9C59-4513-ABED-C946DAB9988C}.Debug|Any CPU.Deploy.0 = Debug|Any CPU
		{285E73CC-9C59-4513-ABED-C946DAB9988C}.Debug|iPhone.ActiveCfg = Debug|Any CPU
		{285E73CC-9C59-4513-ABED-C946DAB9988C}.Debug|iPhone.Build.0 = Debug|Any CPU
		{285E73CC-9C59-4513-ABED-C946DAB9988C}.Debug|iPhone.Deploy.0 = Debug|Any CPU
		{285E73CC-9C59-4513-ABED-C946DAB9988C}.Debug|iPhoneSimulator.ActiveCfg = Debug|Any CPU
		{285E73CC-9C59-4513-ABED-C946DAB9988C}.Debug|iPhoneSimulator.Build.0 = Debug|Any CPU
		{285E73CC-9C59-4513-ABED-C946DAB9988C}.Debug|iPhoneSimulator.Deploy.0 = Debug|Any CPU
		{285E73CC-9C59-4513-ABED-C946DAB9988C}.Release|Any CPU.ActiveCfg = Release|Any CPU
		{285E73CC-9C59-4513-ABED-C946DAB9988C}.Release|Any CPU.Build.0 = Release|Any CPU
		{285E73CC-9C59-4513-ABED-C946DAB9988C}.Release|Any CPU.Deploy.0 = Release|Any CPU
		{285E73CC-9C59-4513-ABED-C946DAB9988C}.Release|iPhone.ActiveCfg = Release|Any CPU
		{285E73CC-9C59-4513-ABED-C946DAB9988C}.Release|iPhone.Build.0 = Release|Any CPU
		{285E73CC-9C59-4513-ABED-C946DAB9988C}.Release|iPhone.Deploy.0 = Release|Any CPU
		{285E73CC-9C59-4513-ABED-C946DAB9988C}.Release|iPhoneSimulator.ActiveCfg = Release|Any CPU
		{285E73CC-9C59-4513-ABED-C946DAB9988C}.Release|iPhoneSimulator.Build.0 = Release|Any CPU
		{285E73CC-9C59-4513-ABED-C946DAB9988C}.Release|iPhoneSimulator.Deploy.0 = Release|Any CPU
		{5810C794-2BBF-4D8C-9A14-55B39257610A}.Ad-Hoc|Any CPU.ActiveCfg = Ad-Hoc|iPhone
		{5810C794-2BBF-4D8C-9A14-55B39257610A}.Ad-Hoc|Any CPU.Build.0 = Ad-Hoc|iPhone
		{5810C794-2BBF-4D8C-9A14-55B39257610A}.Ad-Hoc|Any CPU.Deploy.0 = Ad-Hoc|iPhone
		{5810C794-2BBF-4D8C-9A14-55B39257610A}.Ad-Hoc|iPhone.ActiveCfg = Ad-Hoc|iPhone
		{5810C794-2BBF-4D8C-9A14-55B39257610A}.Ad-Hoc|iPhone.Build.0 = Ad-Hoc|iPhone
		{5810C794-2BBF-4D8C-9A14-55B39257610A}.Ad-Hoc|iPhone.Deploy.0 = Ad-Hoc|iPhone
		{5810C794-2BBF-4D8C-9A14-55B39257610A}.Ad-Hoc|iPhoneSimulator.ActiveCfg = Ad-Hoc|iPhoneSimulator
		{5810C794-2BBF-4D8C-9A14-55B39257610A}.Ad-Hoc|iPhoneSimulator.Build.0 = Ad-Hoc|iPhoneSimulator
		{5810C794-2BBF-4D8C-9A14-55B39257610A}.Ad-Hoc|iPhoneSimulator.Deploy.0 = Ad-Hoc|iPhoneSimulator
		{5810C794-2BBF-4D8C-9A14-55B39257610A}.AppStore|Any CPU.ActiveCfg = AppStore|iPhone
		{5810C794-2BBF-4D8C-9A14-55B39257610A}.AppStore|Any CPU.Build.0 = AppStore|iPhone
		{5810C794-2BBF-4D8C-9A14-55B39257610A}.AppStore|Any CPU.Deploy.0 = AppStore|iPhone
		{5810C794-2BBF-4D8C-9A14-55B39257610A}.AppStore|iPhone.ActiveCfg = AppStore|iPhone
		{5810C794-2BBF-4D8C-9A14-55B39257610A}.AppStore|iPhone.Build.0 = AppStore|iPhone
		{5810C794-2BBF-4D8C-9A14-55B39257610A}.AppStore|iPhone.Deploy.0 = AppStore|iPhone
		{5810C794-2BBF-4D8C-9A14-55B39257610A}.AppStore|iPhoneSimulator.ActiveCfg = AppStore|iPhoneSimulator
		{5810C794-2BBF-4D8C-9A14-55B39257610A}.AppStore|iPhoneSimulator.Build.0 = AppStore|iPhoneSimulator
		{5810C794-2BBF-4D8C-9A14-55B39257610A}.AppStore|iPhoneSimulator.Deploy.0 = AppStore|iPhoneSimulator
		{5810C794-2BBF-4D8C-9A14-55B39257610A}.Debug|Any CPU.ActiveCfg = Debug|iPhoneSimulator
		{5810C794-2BBF-4D8C-9A14-55B39257610A}.Debug|Any CPU.Build.0 = Debug|iPhoneSimulator
		{5810C794-2BBF-4D8C-9A14-55B39257610A}.Debug|Any CPU.Deploy.0 = Debug|iPhoneSimulator
		{5810C794-2BBF-4D8C-9A14-55B39257610A}.Debug|iPhone.ActiveCfg = Debug|iPhone
		{5810C794-2BBF-4D8C-9A14-55B39257610A}.Debug|iPhone.Build.0 = Debug|iPhone
		{5810C794-2BBF-4D8C-9A14-55B39257610A}.Debug|iPhone.Deploy.0 = Debug|iPhone
		{5810C794-2BBF-4D8C-9A14-55B39257610A}.Debug|iPhoneSimulator.ActiveCfg = Debug|iPhoneSimulator
		{5810C794-2BBF-4D8C-9A14-55B39257610A}.Debug|iPhoneSimulator.Build.0 = Debug|iPhoneSimulator
		{5810C794-2BBF-4D8C-9A14-55B39257610A}.Debug|iPhoneSimulator.Deploy.0 = Debug|iPhoneSimulator
		{5810C794-2BBF-4D8C-9A14-55B39257610A}.Release|Any CPU.ActiveCfg = Release|iPhone
		{5810C794-2BBF-4D8C-9A14-55B39257610A}.Release|Any CPU.Build.0 = Release|iPhone
		{5810C794-2BBF-4D8C-9A14-55B39257610A}.Release|Any CPU.Deploy.0 = Release|iPhone
		{5810C794-2BBF-4D8C-9A14-55B39257610A}.Release|iPhone.ActiveCfg = Release|iPhone
		{5810C794-2BBF-4D8C-9A14-55B39257610A}.Release|iPhone.Build.0 = Release|iPhone
		{5810C794-2BBF-4D8C-9A14-55B39257610A}.Release|iPhone.Deploy.0 = Release|iPhone
		{5810C794-2BBF-4D8C-9A14-55B39257610A}.Release|iPhoneSimulator.ActiveCfg = Release|iPhoneSimulator
		{5810C794-2BBF-4D8C-9A14-55B39257610A}.Release|iPhoneSimulator.Build.0 = Release|iPhoneSimulator
		{5810C794-2BBF-4D8C-9A14-55B39257610A}.Release|iPhoneSimulator.Deploy.0 = Release|iPhoneSimulator
	EndGlobalSection
	GlobalSection(SolutionProperties) = preSolution
		HideSolutionNode = FALSE
	EndGlobalSection
EndGlobal
